// !$*UTF8*$!
{
	archiveVersion = 1;
	classes = {
	};
	objectVersion = 77;
	objects = {

/* Begin PBXBuildFile section */
		0D899512FC58218E35D95623 /* Onboarding.swift in Sources */ = {isa = PBXBuildFile; fileRef = 4F60F86A83F2D70198BDC549 /* Onboarding.swift */; };
		0F264D0C88DEC5F7AF54AA6D /* TrainingStats.swift in Sources */ = {isa = PBXBuildFile; fileRef = 18EBE2B92B055DA4482DD70D /* TrainingStats.swift */; };
		1298A3F2C5E0408D5FE34D57 /* LiveWorkout.swift in Sources */ = {isa = PBXBuildFile; fileRef = FF6DE095DEFB185FA8328D72 /* LiveWorkout.swift */; };
		1462CD13FD969DB524D634D6 /* EnhancementTests.swift in Sources */ = {isa = PBXBuildFile; fileRef = 6B599F635CE70DC7530B4388 /* EnhancementTests.swift */; };
		16CCC16D448DB518587A0EC3 /* JourneyLanguage.swift in Sources */ = {isa = PBXBuildFile; fileRef = 2182B63B8ED2F45B3E4DBD12 /* JourneyLanguage.swift */; };
		19BF3B7A85F03DAB2B1E9DB3 /* GymBlockLive.appex in Embed Foundation Extensions */ = {isa = PBXBuildFile; fileRef = 1AC1DA4F42C8B525801DAB24 /* GymBlockLive.appex */; settings = {ATTRIBUTES = (RemoveHeadersOnCopy, ); }; };
		1B920FC04478611198F78457 /* WorkoutActivity.swift in Sources */ = {isa = PBXBuildFile; fileRef = D0FE9C655734B74C61322E33 /* WorkoutActivity.swift */; };
		20915459CCECAD9AD881F6CD /* AppControls.swift in Sources */ = {isa = PBXBuildFile; fileRef = D412D86E746B7AEB2DCFDCED /* AppControls.swift */; };
		24A23E76643CA0A4D5A8DC5E /* GymBlockFlowTests.swift in Sources */ = {isa = PBXBuildFile; fileRef = 01F36AF90BEFC089EC199AD3 /* GymBlockFlowTests.swift */; };
		26E302FF83882C09A69885AC /* Model.swift in Sources */ = {isa = PBXBuildFile; fileRef = FA97052542A6CE2655EB31D4 /* Model.swift */; };
		28E63A5C8EE3E5BA2E71E2BD /* CloudSync.swift in Sources */ = {isa = PBXBuildFile; fileRef = B951846726741284DB93304B /* CloudSync.swift */; };
		2BDBC01FB8E6F4A75235949A /* GymBlockApp.swift in Sources */ = {isa = PBXBuildFile; fileRef = 95245B0AE197664243A1DF54 /* GymBlockApp.swift */; };
		2DDB2091A254AB357E74F556 /* JourneyV2Tests.swift in Sources */ = {isa = PBXBuildFile; fileRef = 456C8F918D647C27F97E22CF /* JourneyV2Tests.swift */; };
		2DDFB32A602FD39B3661DBAB /* Settings.swift in Sources */ = {isa = PBXBuildFile; fileRef = 40DAC4943DCBF0AC9D680A77 /* Settings.swift */; };
		2E74CBB270312313000E124C /* Progress.swift in Sources */ = {isa = PBXBuildFile; fileRef = 258A16A247D69006A1651F96 /* Progress.swift */; };
		30EE11CCA6770E2393AF2B92 /* ArmIllustration.swift in Sources */ = {isa = PBXBuildFile; fileRef = 625E058512B9E480BBCB6FF2 /* ArmIllustration.swift */; };
		3A993B5429D068ACDA96B585 /* BrandMark.swift in Sources */ = {isa = PBXBuildFile; fileRef = A9F89F22A1A0A3FBDFE26FD2 /* BrandMark.swift */; };
		3AF97B35DD77E25887526EF9 /* JourneyMetrics.swift in Sources */ = {isa = PBXBuildFile; fileRef = 2020D39FD36092AF8E5B49E1 /* JourneyMetrics.swift */; };
		3BE12AD83FCF3CAF6E0D8BDE /* Analytics.swift in Sources */ = {isa = PBXBuildFile; fileRef = B9A0E88CE0E1647679F6856C /* Analytics.swift */; };
		3D60B472AB2234257F47D5FE /* WorkoutShield.swift in Sources */ = {isa = PBXBuildFile; fileRef = 7F18599E2CD2FD02DB528BE8 /* WorkoutShield.swift */; };
		3E7D0E652745343B01E52090 /* OnboardingScenes.swift in Sources */ = {isa = PBXBuildFile; fileRef = 3E84B96E98B35792A66A0D98 /* OnboardingScenes.swift */; };
		41D1A27CDD3EB2CF558F5AC4 /* BenefitScenes.swift in Sources */ = {isa = PBXBuildFile; fileRef = ED3C3D46995AC6B83225B522 /* BenefitScenes.swift */; };
		4577463A5F691225005491A0 /* WorkoutStepIntent.swift in Sources */ = {isa = PBXBuildFile; fileRef = AFDB647737C5A706E73A728E /* WorkoutStepIntent.swift */; };
		46F7BCEED35CC504B1CC1677 /* OnboardingFeedback.swift in Sources */ = {isa = PBXBuildFile; fileRef = DFA30D0009B0DC5D6D292BB8 /* OnboardingFeedback.swift */; };
		473052F91B312391B79100D6 /* Design.swift in Sources */ = {isa = PBXBuildFile; fileRef = 1C7F43B605AA518679094848 /* Design.swift */; };
		4A17EBCA5D0374FF51F384C1 /* Splits.swift in Sources */ = {isa = PBXBuildFile; fileRef = 2B1F47BAD59FB5F3B4443457 /* Splits.swift */; };
		4E13B1EE61AE6E2E2939ABFC /* OnboardingSplits.swift in Sources */ = {isa = PBXBuildFile; fileRef = 7DB88A6ED672C6F821374324 /* OnboardingSplits.swift */; };
		51FC5AC05980C96047E08233 /* AppConfig.swift in Sources */ = {isa = PBXBuildFile; fileRef = F1C23F4F4C175A9CE78D7C7A /* AppConfig.swift */; };
		5344BF389B159F48B1698803 /* advance.wav in Resources */ = {isa = PBXBuildFile; fileRef = 6C25C3FE16037D11BD08D732 /* advance.wav */; };
		540990EDCABF9D2F8F2066F3 /* Typography.swift in Sources */ = {isa = PBXBuildFile; fileRef = B5C32DC47F5228BD30518BAB /* Typography.swift */; };
		5B36CD8D5448E7C1D2A16483 /* OnboardingControls.swift in Sources */ = {isa = PBXBuildFile; fileRef = 9A5029EB289FB5CF493FAF16 /* OnboardingControls.swift */; };
		666CB2C1E5848D15E4CBE330 /* Navigation.swift in Sources */ = {isa = PBXBuildFile; fileRef = 91D599A2899F5D63D89F8AEF /* Navigation.swift */; };
		68D56E6C4D6BF0A849BA9EA1 /* HomeScoreboard.swift in Sources */ = {isa = PBXBuildFile; fileRef = 46F5DA960821D0AC9262FAF8 /* HomeScoreboard.swift */; };
		74D2E8D1E74DC6C7071658E1 /* GymStoreTests.swift in Sources */ = {isa = PBXBuildFile; fileRef = 18BD74A4F712847C40F46201 /* GymStoreTests.swift */; };
		759B615EBC3B5A70E5D828B3 /* HomeStats.swift in Sources */ = {isa = PBXBuildFile; fileRef = 854264B8D10EA53FE36D44B2 /* HomeStats.swift */; };
		7B78FD71604A12A4BD7CDA14 /* JourneyArt.swift in Sources */ = {isa = PBXBuildFile; fileRef = 5AD5009E70EBA3A94854B117 /* JourneyArt.swift */; };
		7F62FEAFF43CE040AB48ABA5 /* ProgressData.swift in Sources */ = {isa = PBXBuildFile; fileRef = 371A20BA1E826DCB4E3FE9C3 /* ProgressData.swift */; };
		80FF09942F36799439D912B5 /* RestAlert.swift in Sources */ = {isa = PBXBuildFile; fileRef = 2D3906A6BC255DCB1E84CD32 /* RestAlert.swift */; };
		885666D10CAAF6A5A4F31485 /* Session.swift in Sources */ = {isa = PBXBuildFile; fileRef = 75F70F4B27F004B995455CBB /* Session.swift */; };
		89FE5952EA0A29BDE56C046A /* WorkoutActivity.swift in Sources */ = {isa = PBXBuildFile; fileRef = D0FE9C655734B74C61322E33 /* WorkoutActivity.swift */; };
		8B1A2887B864CD5D8FE3AEEF /* complete.wav in Resources */ = {isa = PBXBuildFile; fileRef = D7EFFA2ABC73524792609214 /* complete.wav */; };
		8B2E0A534A59562747D36983 /* Subscriptions.swift in Sources */ = {isa = PBXBuildFile; fileRef = 32478B7576E0A99D82534393 /* Subscriptions.swift */; };
		903292014823B9D907E65705 /* GymNavigationTests.swift in Sources */ = {isa = PBXBuildFile; fileRef = 98B5D990D481A25862BBE4AF /* GymNavigationTests.swift */; };
		A6457A9FEE6986E494012874 /* OnboardingJourneyTests.swift in Sources */ = {isa = PBXBuildFile; fileRef = D156B824D5A01A306438BDA9 /* OnboardingJourneyTests.swift */; };
		A882C6D05F1882A29FC8F39E /* RevenueCat in Frameworks */ = {isa = PBXBuildFile; productRef = 95E41EDD1C17E277943D7AA0 /* RevenueCat */; };
		A9DB2A28B218A27F17AD1504 /* RedesignTests.swift in Sources */ = {isa = PBXBuildFile; fileRef = 82559945550DCB076E35D35D /* RedesignTests.swift */; };
		AA7587BA03621D45ED6CC9B2 /* WorkoutLogic.swift in Sources */ = {isa = PBXBuildFile; fileRef = 0A1DD9FDD89A9EDFB6EEE557 /* WorkoutLogic.swift */; };
		ADEE00A09171DF2F53347808 /* Summary.swift in Sources */ = {isa = PBXBuildFile; fileRef = B6817695A3563DA20102935E /* Summary.swift */; };
		B7549632CF495C5EF9F838EA /* History.swift in Sources */ = {isa = PBXBuildFile; fileRef = 6C68A7495A1C719F65837674 /* History.swift */; };
		B76AC3F7F3702E0216056EA5 /* ProgressAndSplitTests.swift in Sources */ = {isa = PBXBuildFile; fileRef = E82467CEFE08FB24CAA6906A /* ProgressAndSplitTests.swift */; };
		BA1DF825647D7E912AA1D15F /* WorkoutActionsUITests.swift in Sources */ = {isa = PBXBuildFile; fileRef = 7315D2C38D55280BA06B5B1B /* WorkoutActionsUITests.swift */; };
		BB3D6624D0A7D9FDDB187F22 /* DemoData.swift in Sources */ = {isa = PBXBuildFile; fileRef = 777BA2A5696BA38746AE2AF3 /* DemoData.swift */; };
		BDF13E619E1E9B1972D35490 /* AccountSettings.swift in Sources */ = {isa = PBXBuildFile; fileRef = EFE37AE609926AAAA2F6258E /* AccountSettings.swift */; };
		C15DEF32F96E362DC22D20DA /* WorkoutStepIntent.swift in Sources */ = {isa = PBXBuildFile; fileRef = AFDB647737C5A706E73A728E /* WorkoutStepIntent.swift */; };
		C7CE0DCE83D73AF2A9288DAF /* WorkoutShieldAction.swift in Sources */ = {isa = PBXBuildFile; fileRef = 2AB514BE747F607CA6E12C00 /* WorkoutShieldAction.swift */; };
		CA9DDC790C5885B5A404A18E /* Supabase in Frameworks */ = {isa = PBXBuildFile; productRef = 555664B1919E662754553AF5 /* Supabase */; };
		CCDA787E895E557D4DE31B7E /* OnboardingPremium.swift in Sources */ = {isa = PBXBuildFile; fileRef = 008F01AA301B4482E1045797 /* OnboardingPremium.swift */; };
		CE2F3617C1B8E08733D970D1 /* GymBlockShieldAction.appex in Embed Foundation Extensions */ = {isa = PBXBuildFile; fileRef = 6AAD0535255FB7A0DBAB3743 /* GymBlockShieldAction.appex */; settings = {ATTRIBUTES = (RemoveHeadersOnCopy, ); }; };
		D194B8D30A3E5782E8679ABC /* WorkoutFlowTests.swift in Sources */ = {isa = PBXBuildFile; fileRef = F11589EBCA36DC3039523368 /* WorkoutFlowTests.swift */; };
		DD6C2BE3C8D9F2B69C502F06 /* Workout.swift in Sources */ = {isa = PBXBuildFile; fileRef = FD0907ACAE7805F4E98EAD57 /* Workout.swift */; };
		E11E5692300CFD5FB5AFE928 /* GymBlockShield.appex in Embed Foundation Extensions */ = {isa = PBXBuildFile; fileRef = 6DBCF67E32FD7B7E541E7F55 /* GymBlockShield.appex */; settings = {ATTRIBUTES = (RemoveHeadersOnCopy, ); }; };
		E3DB674D779595FBDB4E4893 /* GymBlockLive.swift in Sources */ = {isa = PBXBuildFile; fileRef = AA5869602EE8AF452D4A2F4F /* GymBlockLive.swift */; };
		E8AD2D368E149D3D084E3B1A /* JourneyV2UITests.swift in Sources */ = {isa = PBXBuildFile; fileRef = 238EA8ACA13F757D4010AA57 /* JourneyV2UITests.swift */; };
		E917A985EAF4D2A7FFDD60D1 /* RoutineBaseline.swift in Sources */ = {isa = PBXBuildFile; fileRef = 7A01D877EF5C7AF8164CD758 /* RoutineBaseline.swift */; };
		EA9C8D16D36FD80170CEBB50 /* OnboardingJourney.swift in Sources */ = {isa = PBXBuildFile; fileRef = 2FF972289110ABA1C5C23767 /* OnboardingJourney.swift */; };
		F0EA57A1F5791A926EE00BC8 /* Backend.swift in Sources */ = {isa = PBXBuildFile; fileRef = AB4882431BE1CE28C0353541 /* Backend.swift */; };
		F47983419F84D898BAF0C3DB /* Assets.xcassets in Resources */ = {isa = PBXBuildFile; fileRef = 284030AE460C4F499D46BE48 /* Assets.xcassets */; };
		F8278DB2F4F20B209F198AF3 /* Home.swift in Sources */ = {isa = PBXBuildFile; fileRef = A84AD10ED062C64A13487708 /* Home.swift */; };
		FAF3A7EF43ABF3065D5BA07D /* AppBlocking.swift in Sources */ = {isa = PBXBuildFile; fileRef = 5FBE6BF65D0F2D525A3338F1 /* AppBlocking.swift */; };
		FBDB1D96125B357FC1F34679 /* BenefitLayoutUITests.swift in Sources */ = {isa = PBXBuildFile; fileRef = 8F4562DF53998B70DF9E5B51 /* BenefitLayoutUITests.swift */; };
		FC5E9F8E99874E75472B2E39 /* BenefitSceneTests.swift in Sources */ = {isa = PBXBuildFile; fileRef = 1CF3DDC433C2C9F57B0996B1 /* BenefitSceneTests.swift */; };
		FE5279F46C7CCA4C97C3F4F6 /* Account.swift in Sources */ = {isa = PBXBuildFile; fileRef = F33A50F89C2BACFB259FA99C /* Account.swift */; };
/* End PBXBuildFile section */

/* Begin PBXContainerItemProxy section */
		1897E04D2ABBFC41427F2588 /* PBXContainerItemProxy */ = {
			isa = PBXContainerItemProxy;
			containerPortal = 5CE779ECD1E1A10A2D539F27 /* Project object */;
			proxyType = 1;
			remoteGlobalIDString = F6943FB52358F92C918A5ECD;
			remoteInfo = GymBlock;
		};
		38900CE122DA8B9B75836412 /* PBXContainerItemProxy */ = {
			isa = PBXContainerItemProxy;
			containerPortal = 5CE779ECD1E1A10A2D539F27 /* Project object */;
			proxyType = 1;
			remoteGlobalIDString = F6943FB52358F92C918A5ECD;
			remoteInfo = GymBlock;
		};
		BD252B94E5A6C10960239FFF /* PBXContainerItemProxy */ = {
			isa = PBXContainerItemProxy;
			containerPortal = 5CE779ECD1E1A10A2D539F27 /* Project object */;
			proxyType = 1;
			remoteGlobalIDString = 206162128FB40080D60E93F3;
			remoteInfo = GymBlockLive;
		};
		C6BAC956A9C0388630EABEE4 /* PBXContainerItemProxy */ = {
			isa = PBXContainerItemProxy;
			containerPortal = 5CE779ECD1E1A10A2D539F27 /* Project object */;
			proxyType = 1;
			remoteGlobalIDString = D4D7025BA1E81C4E3A664498;
			remoteInfo = GymBlockShieldAction;
		};
		CF9C55BBC5946C507D7B38DD /* PBXContainerItemProxy */ = {
			isa = PBXContainerItemProxy;
			containerPortal = 5CE779ECD1E1A10A2D539F27 /* Project object */;
			proxyType = 1;
			remoteGlobalIDString = 833BC85A027FFB45D1EF6897;
			remoteInfo = GymBlockShield;
		};
/* End PBXContainerItemProxy section */

/* Begin PBXCopyFilesBuildPhase section */
		08D3090FAD985B2FDBE5D24B /* Embed Foundation Extensions */ = {
			isa = PBXCopyFilesBuildPhase;
			buildActionMask = 2147483647;
			dstPath = "";
			dstSubfolderSpec = 13;
			files = (
				19BF3B7A85F03DAB2B1E9DB3 /* GymBlockLive.appex in Embed Foundation Extensions */,
				E11E5692300CFD5FB5AFE928 /* GymBlockShield.appex in Embed Foundation Extensions */,
				CE2F3617C1B8E08733D970D1 /* GymBlockShieldAction.appex in Embed Foundation Extensions */,
			);
			name = "Embed Foundation Extensions";
			runOnlyForDeploymentPostprocessing = 0;
		};
/* End PBXCopyFilesBuildPhase section */

/* Begin PBXFileReference section */
		008F01AA301B4482E1045797 /* OnboardingPremium.swift */ = {isa = PBXFileReference; lastKnownFileType = sourcecode.swift; path = OnboardingPremium.swift; sourceTree = "<group>"; };
		01F36AF90BEFC089EC199AD3 /* GymBlockFlowTests.swift */ = {isa = PBXFileReference; lastKnownFileType = sourcecode.swift; path = GymBlockFlowTests.swift; sourceTree = "<group>"; };
		033805466D5F7A79FA6DAC2E /* Info.plist */ = {isa = PBXFileReference; lastKnownFileType = text.plist; path = Info.plist; sourceTree = "<group>"; };
		035738BD5F0A726CE372A9EE /* GymBlock.app */ = {isa = PBXFileReference; includeInIndex = 0; lastKnownFileType = wrapper.application; path = GymBlock.app; sourceTree = BUILT_PRODUCTS_DIR; };
		0A1DD9FDD89A9EDFB6EEE557 /* WorkoutLogic.swift */ = {isa = PBXFileReference; lastKnownFileType = sourcecode.swift; path = WorkoutLogic.swift; sourceTree = "<group>"; };
		18BD74A4F712847C40F46201 /* GymStoreTests.swift */ = {isa = PBXFileReference; lastKnownFileType = sourcecode.swift; path = GymStoreTests.swift; sourceTree = "<group>"; };
		18EBE2B92B055DA4482DD70D /* TrainingStats.swift */ = {isa = PBXFileReference; lastKnownFileType = sourcecode.swift; path = TrainingStats.swift; sourceTree = "<group>"; };
		1AC1DA4F42C8B525801DAB24 /* GymBlockLive.appex */ = {isa = PBXFileReference; includeInIndex = 0; lastKnownFileType = "wrapper.app-extension"; path = GymBlockLive.appex; sourceTree = BUILT_PRODUCTS_DIR; };
		1C7F43B605AA518679094848 /* Design.swift */ = {isa = PBXFileReference; lastKnownFileType = sourcecode.swift; path = Design.swift; sourceTree = "<group>"; };
		1CF3DDC433C2C9F57B0996B1 /* BenefitSceneTests.swift */ = {isa = PBXFileReference; lastKnownFileType = sourcecode.swift; path = BenefitSceneTests.swift; sourceTree = "<group>"; };
		2020D39FD36092AF8E5B49E1 /* JourneyMetrics.swift */ = {isa = PBXFileReference; lastKnownFileType = sourcecode.swift; path = JourneyMetrics.swift; sourceTree = "<group>"; };
		2182B63B8ED2F45B3E4DBD12 /* JourneyLanguage.swift */ = {isa = PBXFileReference; lastKnownFileType = sourcecode.swift; path = JourneyLanguage.swift; sourceTree = "<group>"; };
		238EA8ACA13F757D4010AA57 /* JourneyV2UITests.swift */ = {isa = PBXFileReference; lastKnownFileType = sourcecode.swift; path = JourneyV2UITests.swift; sourceTree = "<group>"; };
		258A16A247D69006A1651F96 /* Progress.swift */ = {isa = PBXFileReference; lastKnownFileType = sourcecode.swift; path = Progress.swift; sourceTree = "<group>"; };
		284030AE460C4F499D46BE48 /* Assets.xcassets */ = {isa = PBXFileReference; lastKnownFileType = folder.assetcatalog; path = Assets.xcassets; sourceTree = "<group>"; };
		2AB514BE747F607CA6E12C00 /* WorkoutShieldAction.swift */ = {isa = PBXFileReference; lastKnownFileType = sourcecode.swift; path = WorkoutShieldAction.swift; sourceTree = "<group>"; };
		2B1F47BAD59FB5F3B4443457 /* Splits.swift */ = {isa = PBXFileReference; lastKnownFileType = sourcecode.swift; path = Splits.swift; sourceTree = "<group>"; };
		2D3906A6BC255DCB1E84CD32 /* RestAlert.swift */ = {isa = PBXFileReference; lastKnownFileType = sourcecode.swift; path = RestAlert.swift; sourceTree = "<group>"; };
		2FF972289110ABA1C5C23767 /* OnboardingJourney.swift */ = {isa = PBXFileReference; lastKnownFileType = sourcecode.swift; path = OnboardingJourney.swift; sourceTree = "<group>"; };
		32478B7576E0A99D82534393 /* Subscriptions.swift */ = {isa = PBXFileReference; lastKnownFileType = sourcecode.swift; path = Subscriptions.swift; sourceTree = "<group>"; };
		371A20BA1E826DCB4E3FE9C3 /* ProgressData.swift */ = {isa = PBXFileReference; lastKnownFileType = sourcecode.swift; path = ProgressData.swift; sourceTree = "<group>"; };
		3E84B96E98B35792A66A0D98 /* OnboardingScenes.swift */ = {isa = PBXFileReference; lastKnownFileType = sourcecode.swift; path = OnboardingScenes.swift; sourceTree = "<group>"; };
		40DAC4943DCBF0AC9D680A77 /* Settings.swift */ = {isa = PBXFileReference; lastKnownFileType = sourcecode.swift; path = Settings.swift; sourceTree = "<group>"; };
		456C8F918D647C27F97E22CF /* JourneyV2Tests.swift */ = {isa = PBXFileReference; lastKnownFileType = sourcecode.swift; path = JourneyV2Tests.swift; sourceTree = "<group>"; };
		46F5DA960821D0AC9262FAF8 /* HomeScoreboard.swift */ = {isa = PBXFileReference; lastKnownFileType = sourcecode.swift; path = HomeScoreboard.swift; sourceTree = "<group>"; };
		4F60F86A83F2D70198BDC549 /* Onboarding.swift */ = {isa = PBXFileReference; lastKnownFileType = sourcecode.swift; path = Onboarding.swift; sourceTree = "<group>"; };
		5AD5009E70EBA3A94854B117 /* JourneyArt.swift */ = {isa = PBXFileReference; lastKnownFileType = sourcecode.swift; path = JourneyArt.swift; sourceTree = "<group>"; };
		5DA1D7B99F91FDC5215A97C4 /* GymBlockTests.xctest */ = {isa = PBXFileReference; includeInIndex = 0; lastKnownFileType = wrapper.cfbundle; path = GymBlockTests.xctest; sourceTree = BUILT_PRODUCTS_DIR; };
		5FBE6BF65D0F2D525A3338F1 /* AppBlocking.swift */ = {isa = PBXFileReference; lastKnownFileType = sourcecode.swift; path = AppBlocking.swift; sourceTree = "<group>"; };
		625E058512B9E480BBCB6FF2 /* ArmIllustration.swift */ = {isa = PBXFileReference; lastKnownFileType = sourcecode.swift; path = ArmIllustration.swift; sourceTree = "<group>"; };
		69016298FD0530DCDF640BEC /* GymBlockUITests.xctest */ = {isa = PBXFileReference; includeInIndex = 0; lastKnownFileType = wrapper.cfbundle; path = GymBlockUITests.xctest; sourceTree = BUILT_PRODUCTS_DIR; };
		6AAD0535255FB7A0DBAB3743 /* GymBlockShieldAction.appex */ = {isa = PBXFileReference; includeInIndex = 0; lastKnownFileType = "wrapper.app-extension"; path = GymBlockShieldAction.appex; sourceTree = BUILT_PRODUCTS_DIR; };
		6B599F635CE70DC7530B4388 /* EnhancementTests.swift */ = {isa = PBXFileReference; lastKnownFileType = sourcecode.swift; path = EnhancementTests.swift; sourceTree = "<group>"; };
		6C25C3FE16037D11BD08D732 /* advance.wav */ = {isa = PBXFileReference; lastKnownFileType = audio.wav; path = advance.wav; sourceTree = "<group>"; };
		6C68A7495A1C719F65837674 /* History.swift */ = {isa = PBXFileReference; lastKnownFileType = sourcecode.swift; path = History.swift; sourceTree = "<group>"; };
		6DBCF67E32FD7B7E541E7F55 /* GymBlockShield.appex */ = {isa = PBXFileReference; includeInIndex = 0; lastKnownFileType = "wrapper.app-extension"; path = GymBlockShield.appex; sourceTree = BUILT_PRODUCTS_DIR; };
		7315D2C38D55280BA06B5B1B /* WorkoutActionsUITests.swift */ = {isa = PBXFileReference; lastKnownFileType = sourcecode.swift; path = WorkoutActionsUITests.swift; sourceTree = "<group>"; };
		7576AF5B4BE365CAF8006511 /* Info.plist */ = {isa = PBXFileReference; lastKnownFileType = text.plist; path = Info.plist; sourceTree = "<group>"; };
		75F70F4B27F004B995455CBB /* Session.swift */ = {isa = PBXFileReference; lastKnownFileType = sourcecode.swift; path = Session.swift; sourceTree = "<group>"; };
		777BA2A5696BA38746AE2AF3 /* DemoData.swift */ = {isa = PBXFileReference; lastKnownFileType = sourcecode.swift; path = DemoData.swift; sourceTree = "<group>"; };
		7A01D877EF5C7AF8164CD758 /* RoutineBaseline.swift */ = {isa = PBXFileReference; lastKnownFileType = sourcecode.swift; path = RoutineBaseline.swift; sourceTree = "<group>"; };
		7DB88A6ED672C6F821374324 /* OnboardingSplits.swift */ = {isa = PBXFileReference; lastKnownFileType = sourcecode.swift; path = OnboardingSplits.swift; sourceTree = "<group>"; };
		7F18599E2CD2FD02DB528BE8 /* WorkoutShield.swift */ = {isa = PBXFileReference; lastKnownFileType = sourcecode.swift; path = WorkoutShield.swift; sourceTree = "<group>"; };
		82559945550DCB076E35D35D /* RedesignTests.swift */ = {isa = PBXFileReference; lastKnownFileType = sourcecode.swift; path = RedesignTests.swift; sourceTree = "<group>"; };
		854264B8D10EA53FE36D44B2 /* HomeStats.swift */ = {isa = PBXFileReference; lastKnownFileType = sourcecode.swift; path = HomeStats.swift; sourceTree = "<group>"; };
		8EB7BC812E92C8A63B06196E /* Secrets.xcconfig */ = {isa = PBXFileReference; lastKnownFileType = text.xcconfig; path = Secrets.xcconfig; sourceTree = "<group>"; };
		8F4562DF53998B70DF9E5B51 /* BenefitLayoutUITests.swift */ = {isa = PBXFileReference; lastKnownFileType = sourcecode.swift; path = BenefitLayoutUITests.swift; sourceTree = "<group>"; };
		91D599A2899F5D63D89F8AEF /* Navigation.swift */ = {isa = PBXFileReference; lastKnownFileType = sourcecode.swift; path = Navigation.swift; sourceTree = "<group>"; };
		95245B0AE197664243A1DF54 /* GymBlockApp.swift */ = {isa = PBXFileReference; lastKnownFileType = sourcecode.swift; path = GymBlockApp.swift; sourceTree = "<group>"; };
		98B5D990D481A25862BBE4AF /* GymNavigationTests.swift */ = {isa = PBXFileReference; lastKnownFileType = sourcecode.swift; path = GymNavigationTests.swift; sourceTree = "<group>"; };
		9A5029EB289FB5CF493FAF16 /* OnboardingControls.swift */ = {isa = PBXFileReference; lastKnownFileType = sourcecode.swift; path = OnboardingControls.swift; sourceTree = "<group>"; };
		A00423AA0AB15C75A8BDC2E3 /* Info.plist */ = {isa = PBXFileReference; lastKnownFileType = text.plist; path = Info.plist; sourceTree = "<group>"; };
		A84AD10ED062C64A13487708 /* Home.swift */ = {isa = PBXFileReference; lastKnownFileType = sourcecode.swift; path = Home.swift; sourceTree = "<group>"; };
		A9F89F22A1A0A3FBDFE26FD2 /* BrandMark.swift */ = {isa = PBXFileReference; lastKnownFileType = sourcecode.swift; path = BrandMark.swift; sourceTree = "<group>"; };
		AA5869602EE8AF452D4A2F4F /* GymBlockLive.swift */ = {isa = PBXFileReference; lastKnownFileType = sourcecode.swift; path = GymBlockLive.swift; sourceTree = "<group>"; };
		AB4882431BE1CE28C0353541 /* Backend.swift */ = {isa = PBXFileReference; lastKnownFileType = sourcecode.swift; path = Backend.swift; sourceTree = "<group>"; };
		AFDB647737C5A706E73A728E /* WorkoutStepIntent.swift */ = {isa = PBXFileReference; lastKnownFileType = sourcecode.swift; path = WorkoutStepIntent.swift; sourceTree = "<group>"; };
		B5C32DC47F5228BD30518BAB /* Typography.swift */ = {isa = PBXFileReference; lastKnownFileType = sourcecode.swift; path = Typography.swift; sourceTree = "<group>"; };
		B6817695A3563DA20102935E /* Summary.swift */ = {isa = PBXFileReference; lastKnownFileType = sourcecode.swift; path = Summary.swift; sourceTree = "<group>"; };
		B951846726741284DB93304B /* CloudSync.swift */ = {isa = PBXFileReference; lastKnownFileType = sourcecode.swift; path = CloudSync.swift; sourceTree = "<group>"; };
		B9A0E88CE0E1647679F6856C /* Analytics.swift */ = {isa = PBXFileReference; lastKnownFileType = sourcecode.swift; path = Analytics.swift; sourceTree = "<group>"; };
		C6C9B258DE9BB7778EE64837 /* Info.plist */ = {isa = PBXFileReference; lastKnownFileType = text.plist; path = Info.plist; sourceTree = "<group>"; };
		D0FE9C655734B74C61322E33 /* WorkoutActivity.swift */ = {isa = PBXFileReference; lastKnownFileType = sourcecode.swift; path = WorkoutActivity.swift; sourceTree = "<group>"; };
		D156B824D5A01A306438BDA9 /* OnboardingJourneyTests.swift */ = {isa = PBXFileReference; lastKnownFileType = sourcecode.swift; path = OnboardingJourneyTests.swift; sourceTree = "<group>"; };
		D412D86E746B7AEB2DCFDCED /* AppControls.swift */ = {isa = PBXFileReference; lastKnownFileType = sourcecode.swift; path = AppControls.swift; sourceTree = "<group>"; };
		D7EFFA2ABC73524792609214 /* complete.wav */ = {isa = PBXFileReference; lastKnownFileType = audio.wav; path = complete.wav; sourceTree = "<group>"; };
		DFA30D0009B0DC5D6D292BB8 /* OnboardingFeedback.swift */ = {isa = PBXFileReference; lastKnownFileType = sourcecode.swift; path = OnboardingFeedback.swift; sourceTree = "<group>"; };
		E82467CEFE08FB24CAA6906A /* ProgressAndSplitTests.swift */ = {isa = PBXFileReference; lastKnownFileType = sourcecode.swift; path = ProgressAndSplitTests.swift; sourceTree = "<group>"; };
		ED3C3D46995AC6B83225B522 /* BenefitScenes.swift */ = {isa = PBXFileReference; lastKnownFileType = sourcecode.swift; path = BenefitScenes.swift; sourceTree = "<group>"; };
		EFE37AE609926AAAA2F6258E /* AccountSettings.swift */ = {isa = PBXFileReference; lastKnownFileType = sourcecode.swift; path = AccountSettings.swift; sourceTree = "<group>"; };
		F11589EBCA36DC3039523368 /* WorkoutFlowTests.swift */ = {isa = PBXFileReference; lastKnownFileType = sourcecode.swift; path = WorkoutFlowTests.swift; sourceTree = "<group>"; };
		F1C23F4F4C175A9CE78D7C7A /* AppConfig.swift */ = {isa = PBXFileReference; lastKnownFileType = sourcecode.swift; path = AppConfig.swift; sourceTree = "<group>"; };
		F33A50F89C2BACFB259FA99C /* Account.swift */ = {isa = PBXFileReference; lastKnownFileType = sourcecode.swift; path = Account.swift; sourceTree = "<group>"; };
		FA97052542A6CE2655EB31D4 /* Model.swift */ = {isa = PBXFileReference; lastKnownFileType = sourcecode.swift; path = Model.swift; sourceTree = "<group>"; };
		FD0907ACAE7805F4E98EAD57 /* Workout.swift */ = {isa = PBXFileReference; lastKnownFileType = sourcecode.swift; path = Workout.swift; sourceTree = "<group>"; };
		FF6DE095DEFB185FA8328D72 /* LiveWorkout.swift */ = {isa = PBXFileReference; lastKnownFileType = sourcecode.swift; path = LiveWorkout.swift; sourceTree = "<group>"; };
/* End PBXFileReference section */

/* Begin PBXFrameworksBuildPhase section */
		431376397AAD1EE6D5F14D03 /* Frameworks */ = {
			isa = PBXFrameworksBuildPhase;
			buildActionMask = 2147483647;
			files = (
				CA9DDC790C5885B5A404A18E /* Supabase in Frameworks */,
				A882C6D05F1882A29FC8F39E /* RevenueCat in Frameworks */,
			);
			runOnlyForDeploymentPostprocessing = 0;
		};
/* End PBXFrameworksBuildPhase section */

/* Begin PBXGroup section */
		29F6943ABD0070B93745F414 /* GymBlockShield */ = {
			isa = PBXGroup;
			children = (
				7576AF5B4BE365CAF8006511 /* Info.plist */,
				7F18599E2CD2FD02DB528BE8 /* WorkoutShield.swift */,
			);
			path = GymBlockShield;
			sourceTree = "<group>";
		};
		2F123DE00962F9E3BA28CA91 /* GymBlockUITests */ = {
			isa = PBXGroup;
			children = (
				8F4562DF53998B70DF9E5B51 /* BenefitLayoutUITests.swift */,
				01F36AF90BEFC089EC199AD3 /* GymBlockFlowTests.swift */,
				238EA8ACA13F757D4010AA57 /* JourneyV2UITests.swift */,
				7315D2C38D55280BA06B5B1B /* WorkoutActionsUITests.swift */,
			);
			path = GymBlockUITests;
			sourceTree = "<group>";
		};
		3A09FAD567F336A09752DCAD = {
			isa = PBXGroup;
			children = (
				61B3E35BE7BD60F8E6487626 /* GymBlock */,
				E1EA912447F60D09109C4063 /* GymBlock */,
				3B17A4900E23F40F368BC8CD /* GymBlockLive */,
				29F6943ABD0070B93745F414 /* GymBlockShield */,
				9611A3DD6202B186DC0C1BB6 /* GymBlockShieldAction */,
				E0B30398622F29EC7006534F /* GymBlockTests */,
				2F123DE00962F9E3BA28CA91 /* GymBlockUITests */,
				9AEF8AC6176636FB88F477DB /* Products */,
			);
			sourceTree = "<group>";
		};
		3B17A4900E23F40F368BC8CD /* GymBlockLive */ = {
			isa = PBXGroup;
			children = (
				AA5869602EE8AF452D4A2F4F /* GymBlockLive.swift */,
				C6C9B258DE9BB7778EE64837 /* Info.plist */,
			);
			path = GymBlockLive;
			sourceTree = "<group>";
		};
		58314823545399E5B59404D8 /* Resources */ = {
			isa = PBXGroup;
			children = (
				B0DB81625ACCC060D61B4D93 /* Sounds */,
			);
			path = Resources;
			sourceTree = "<group>";
		};
		61B3E35BE7BD60F8E6487626 /* GymBlock */ = {
			isa = PBXGroup;
			children = (
				F33A50F89C2BACFB259FA99C /* Account.swift */,
				EFE37AE609926AAAA2F6258E /* AccountSettings.swift */,
				B9A0E88CE0E1647679F6856C /* Analytics.swift */,
				5FBE6BF65D0F2D525A3338F1 /* AppBlocking.swift */,
				F1C23F4F4C175A9CE78D7C7A /* AppConfig.swift */,
				D412D86E746B7AEB2DCFDCED /* AppControls.swift */,
				625E058512B9E480BBCB6FF2 /* ArmIllustration.swift */,
				284030AE460C4F499D46BE48 /* Assets.xcassets */,
				AB4882431BE1CE28C0353541 /* Backend.swift */,
				ED3C3D46995AC6B83225B522 /* BenefitScenes.swift */,
				A9F89F22A1A0A3FBDFE26FD2 /* BrandMark.swift */,
				B951846726741284DB93304B /* CloudSync.swift */,
				777BA2A5696BA38746AE2AF3 /* DemoData.swift */,
				1C7F43B605AA518679094848 /* Design.swift */,
				95245B0AE197664243A1DF54 /* GymBlockApp.swift */,
				6C68A7495A1C719F65837674 /* History.swift */,
				A84AD10ED062C64A13487708 /* Home.swift */,
				46F5DA960821D0AC9262FAF8 /* HomeScoreboard.swift */,
				854264B8D10EA53FE36D44B2 /* HomeStats.swift */,
				A00423AA0AB15C75A8BDC2E3 /* Info.plist */,
				5AD5009E70EBA3A94854B117 /* JourneyArt.swift */,
				2182B63B8ED2F45B3E4DBD12 /* JourneyLanguage.swift */,
				2020D39FD36092AF8E5B49E1 /* JourneyMetrics.swift */,
				FF6DE095DEFB185FA8328D72 /* LiveWorkout.swift */,
				FA97052542A6CE2655EB31D4 /* Model.swift */,
				91D599A2899F5D63D89F8AEF /* Navigation.swift */,
				4F60F86A83F2D70198BDC549 /* Onboarding.swift */,
				9A5029EB289FB5CF493FAF16 /* OnboardingControls.swift */,
				DFA30D0009B0DC5D6D292BB8 /* OnboardingFeedback.swift */,
				2FF972289110ABA1C5C23767 /* OnboardingJourney.swift */,
				008F01AA301B4482E1045797 /* OnboardingPremium.swift */,
				3E84B96E98B35792A66A0D98 /* OnboardingScenes.swift */,
				7DB88A6ED672C6F821374324 /* OnboardingSplits.swift */,
				258A16A247D69006A1651F96 /* Progress.swift */,
				371A20BA1E826DCB4E3FE9C3 /* ProgressData.swift */,
				2D3906A6BC255DCB1E84CD32 /* RestAlert.swift */,
				7A01D877EF5C7AF8164CD758 /* RoutineBaseline.swift */,
				75F70F4B27F004B995455CBB /* Session.swift */,
				40DAC4943DCBF0AC9D680A77 /* Settings.swift */,
				2B1F47BAD59FB5F3B4443457 /* Splits.swift */,
				32478B7576E0A99D82534393 /* Subscriptions.swift */,
				B6817695A3563DA20102935E /* Summary.swift */,
				18EBE2B92B055DA4482DD70D /* TrainingStats.swift */,
				B5C32DC47F5228BD30518BAB /* Typography.swift */,
				FD0907ACAE7805F4E98EAD57 /* Workout.swift */,
				D0FE9C655734B74C61322E33 /* WorkoutActivity.swift */,
				0A1DD9FDD89A9EDFB6EEE557 /* WorkoutLogic.swift */,
				AFDB647737C5A706E73A728E /* WorkoutStepIntent.swift */,
				58314823545399E5B59404D8 /* Resources */,
			);
			path = GymBlock;
			sourceTree = "<group>";
		};
		9611A3DD6202B186DC0C1BB6 /* GymBlockShieldAction */ = {
			isa = PBXGroup;
			children = (
				033805466D5F7A79FA6DAC2E /* Info.plist */,
				2AB514BE747F607CA6E12C00 /* WorkoutShieldAction.swift */,
			);
			path = GymBlockShieldAction;
			sourceTree = "<group>";
		};
		9AEF8AC6176636FB88F477DB /* Products */ = {
			isa = PBXGroup;
			children = (
				035738BD5F0A726CE372A9EE /* GymBlock.app */,
				1AC1DA4F42C8B525801DAB24 /* GymBlockLive.appex */,
				6DBCF67E32FD7B7E541E7F55 /* GymBlockShield.appex */,
				6AAD0535255FB7A0DBAB3743 /* GymBlockShieldAction.appex */,
				5DA1D7B99F91FDC5215A97C4 /* GymBlockTests.xctest */,
				69016298FD0530DCDF640BEC /* GymBlockUITests.xctest */,
			);
			name = Products;
			sourceTree = "<group>";
		};
		B0DB81625ACCC060D61B4D93 /* Sounds */ = {
			isa = PBXGroup;
			children = (
				6C25C3FE16037D11BD08D732 /* advance.wav */,
				D7EFFA2ABC73524792609214 /* complete.wav */,
			);
			path = Sounds;
			sourceTree = "<group>";
		};
		E0B30398622F29EC7006534F /* GymBlockTests */ = {
			isa = PBXGroup;
			children = (
				1CF3DDC433C2C9F57B0996B1 /* BenefitSceneTests.swift */,
				6B599F635CE70DC7530B4388 /* EnhancementTests.swift */,
				98B5D990D481A25862BBE4AF /* GymNavigationTests.swift */,
				18BD74A4F712847C40F46201 /* GymStoreTests.swift */,
				456C8F918D647C27F97E22CF /* JourneyV2Tests.swift */,
				D156B824D5A01A306438BDA9 /* OnboardingJourneyTests.swift */,
				E82467CEFE08FB24CAA6906A /* ProgressAndSplitTests.swift */,
				82559945550DCB076E35D35D /* RedesignTests.swift */,
				F11589EBCA36DC3039523368 /* WorkoutFlowTests.swift */,
			);
			path = GymBlockTests;
			sourceTree = "<group>";
		};
		E1EA912447F60D09109C4063 /* GymBlock */ = {
			isa = PBXGroup;
			children = (
				8EB7BC812E92C8A63B06196E /* Secrets.xcconfig */,
			);
			name = GymBlock;
			path = .;
			sourceTree = "<group>";
		};
/* End PBXGroup section */

/* Begin PBXNativeTarget section */
		206162128FB40080D60E93F3 /* GymBlockLive */ = {
			isa = PBXNativeTarget;
			buildConfigurationList = F29F5160BA2A6CFFB1D9D7E0 /* Build configuration list for PBXNativeTarget "GymBlockLive" */;
			buildPhases = (
				617D4A5ED6346126E575E33D /* Sources */,
			);
			buildRules = (
			);
			dependencies = (
			);
			name = GymBlockLive;
			packageProductDependencies = (
			);
			productName = GymBlockLive;
			productReference = 1AC1DA4F42C8B525801DAB24 /* GymBlockLive.appex */;
			productType = "com.apple.product-type.app-extension";
		};
		5A1833737FE9FA3B97BB781E /* GymBlockUITests */ = {
			isa = PBXNativeTarget;
			buildConfigurationList = CAACB49B164B6D87359D741F /* Build configuration list for PBXNativeTarget "GymBlockUITests" */;
			buildPhases = (
				2AC39AB9514C5AAA2C580B68 /* Sources */,
			);
			buildRules = (
			);
			dependencies = (
				07947E08E163FF9C8FD6F179 /* PBXTargetDependency */,
			);
			name = GymBlockUITests;
			packageProductDependencies = (
			);
			productName = GymBlockUITests;
			productReference = 69016298FD0530DCDF640BEC /* GymBlockUITests.xctest */;
			productType = "com.apple.product-type.bundle.ui-testing";
		};
		833BC85A027FFB45D1EF6897 /* GymBlockShield */ = {
			isa = PBXNativeTarget;
			buildConfigurationList = 1AACFCB75325080D8CFC6A46 /* Build configuration list for PBXNativeTarget "GymBlockShield" */;
			buildPhases = (
				272B56091A6ED9D3025DE5F1 /* Sources */,
			);
			buildRules = (
			);
			dependencies = (
			);
			name = GymBlockShield;
			packageProductDependencies = (
			);
			productName = GymBlockShield;
			productReference = 6DBCF67E32FD7B7E541E7F55 /* GymBlockShield.appex */;
			productType = "com.apple.product-type.app-extension";
		};
		A96FB1AF58700710F5BB17AE /* GymBlockTests */ = {
			isa = PBXNativeTarget;
			buildConfigurationList = B2B7DCD7D8DCBD0CDB400960 /* Build configuration list for PBXNativeTarget "GymBlockTests" */;
			buildPhases = (
				395C0352EBDF362EFB45EA89 /* Sources */,
			);
			buildRules = (
			);
			dependencies = (
				70EF9DA3B275ED18A05D881D /* PBXTargetDependency */,
			);
			name = GymBlockTests;
			packageProductDependencies = (
			);
			productName = GymBlockTests;
			productReference = 5DA1D7B99F91FDC5215A97C4 /* GymBlockTests.xctest */;
			productType = "com.apple.product-type.bundle.unit-test";
		};
		D4D7025BA1E81C4E3A664498 /* GymBlockShieldAction */ = {
			isa = PBXNativeTarget;
			buildConfigurationList = A6779E4F808E2205114713DA /* Build configuration list for PBXNativeTarget "GymBlockShieldAction" */;
			buildPhases = (
				6C9E84BDD167F38998E23DA5 /* Sources */,
			);
			buildRules = (
			);
			dependencies = (
			);
			name = GymBlockShieldAction;
			packageProductDependencies = (
			);
			productName = GymBlockShieldAction;
			productReference = 6AAD0535255FB7A0DBAB3743 /* GymBlockShieldAction.appex */;
			productType = "com.apple.product-type.app-extension";
		};
		F6943FB52358F92C918A5ECD /* GymBlock */ = {
			isa = PBXNativeTarget;
			buildConfigurationList = 9E0E466D5DB91F158809558B /* Build configuration list for PBXNativeTarget "GymBlock" */;
			buildPhases = (
				C19B8E4E7B7752B28C308D43 /* Sources */,
				31FB4B6E62C529036446B4FD /* Resources */,
				431376397AAD1EE6D5F14D03 /* Frameworks */,
				08D3090FAD985B2FDBE5D24B /* Embed Foundation Extensions */,
			);
			buildRules = (
			);
			dependencies = (
				BAB10874898B48DAC16006E0 /* PBXTargetDependency */,
				15439960F6C65E5C97AF1912 /* PBXTargetDependency */,
				3C4D14A3788B182E811B5711 /* PBXTargetDependency */,
			);
			name = GymBlock;
			packageProductDependencies = (
				555664B1919E662754553AF5 /* Supabase */,
				95E41EDD1C17E277943D7AA0 /* RevenueCat */,
			);
			productName = GymBlock;
			productReference = 035738BD5F0A726CE372A9EE /* GymBlock.app */;
			productType = "com.apple.product-type.application";
		};
/* End PBXNativeTarget section */

/* Begin PBXProject section */
		5CE779ECD1E1A10A2D539F27 /* Project object */ = {
			isa = PBXProject;
			attributes = {
				BuildIndependentTargetsInParallel = YES;
				LastUpgradeCheck = 1430;
				TargetAttributes = {
					206162128FB40080D60E93F3 = {
						DevelopmentTeam = 6LYZDNCM4M;
						ProvisioningStyle = Automatic;
					};
					5A1833737FE9FA3B97BB781E = {
						DevelopmentTeam = 6LYZDNCM4M;
						ProvisioningStyle = Automatic;
						TestTargetID = F6943FB52358F92C918A5ECD;
					};
					833BC85A027FFB45D1EF6897 = {
						DevelopmentTeam = 6LYZDNCM4M;
						ProvisioningStyle = Automatic;
					};
					A96FB1AF58700710F5BB17AE = {
						DevelopmentTeam = 6LYZDNCM4M;
						ProvisioningStyle = Automatic;
					};
					D4D7025BA1E81C4E3A664498 = {
						DevelopmentTeam = 6LYZDNCM4M;
						ProvisioningStyle = Automatic;
					};
					F6943FB52358F92C918A5ECD = {
						DevelopmentTeam = 6LYZDNCM4M;
						ProvisioningStyle = Automatic;
					};
				};
			};
			buildConfigurationList = 90087E8FBFF2EEA53510A21A /* Build configuration list for PBXProject "GymBlock" */;
			developmentRegion = en;
			hasScannedForEncodings = 0;
			knownRegions = (
				Base,
				en,
			);
			mainGroup = 3A09FAD567F336A09752DCAD;
			minimizedProjectReferenceProxies = 1;
			packageReferences = (
				F330280EEB50C78E49C641EE /* XCRemoteSwiftPackageReference "purchases-ios-spm" */,
				3401EFDF2BDF96EE27C127EF /* XCRemoteSwiftPackageReference "supabase-swift" */,
			);
			preferredProjectObjectVersion = 77;
			productRefGroup = 9AEF8AC6176636FB88F477DB /* Products */;
			projectDirPath = "";
			projectRoot = "";
			targets = (
				F6943FB52358F92C918A5ECD /* GymBlock */,
				206162128FB40080D60E93F3 /* GymBlockLive */,
				833BC85A027FFB45D1EF6897 /* GymBlockShield */,
				D4D7025BA1E81C4E3A664498 /* GymBlockShieldAction */,
				A96FB1AF58700710F5BB17AE /* GymBlockTests */,
				5A1833737FE9FA3B97BB781E /* GymBlockUITests */,
			);
		};
/* End PBXProject section */

/* Begin PBXResourcesBuildPhase section */
		31FB4B6E62C529036446B4FD /* Resources */ = {
			isa = PBXResourcesBuildPhase;
			buildActionMask = 2147483647;
			files = (
				F47983419F84D898BAF0C3DB /* Assets.xcassets in Resources */,
				5344BF389B159F48B1698803 /* advance.wav in Resources */,
				8B1A2887B864CD5D8FE3AEEF /* complete.wav in Resources */,
			);
			runOnlyForDeploymentPostprocessing = 0;
		};
/* End PBXResourcesBuildPhase section */

/* Begin PBXSourcesBuildPhase section */
		272B56091A6ED9D3025DE5F1 /* Sources */ = {
			isa = PBXSourcesBuildPhase;
			buildActionMask = 2147483647;
			files = (
				3D60B472AB2234257F47D5FE /* WorkoutShield.swift in Sources */,
			);
			runOnlyForDeploymentPostprocessing = 0;
		};
		2AC39AB9514C5AAA2C580B68 /* Sources */ = {
			isa = PBXSourcesBuildPhase;
			buildActionMask = 2147483647;
			files = (
				FBDB1D96125B357FC1F34679 /* BenefitLayoutUITests.swift in Sources */,
				24A23E76643CA0A4D5A8DC5E /* GymBlockFlowTests.swift in Sources */,
				E8AD2D368E149D3D084E3B1A /* JourneyV2UITests.swift in Sources */,
				BA1DF825647D7E912AA1D15F /* WorkoutActionsUITests.swift in Sources */,
			);
			runOnlyForDeploymentPostprocessing = 0;
		};
		395C0352EBDF362EFB45EA89 /* Sources */ = {
			isa = PBXSourcesBuildPhase;
			buildActionMask = 2147483647;
			files = (
				FC5E9F8E99874E75472B2E39 /* BenefitSceneTests.swift in Sources */,
				1462CD13FD969DB524D634D6 /* EnhancementTests.swift in Sources */,
				903292014823B9D907E65705 /* GymNavigationTests.swift in Sources */,
				74D2E8D1E74DC6C7071658E1 /* GymStoreTests.swift in Sources */,
				2DDB2091A254AB357E74F556 /* JourneyV2Tests.swift in Sources */,
				A6457A9FEE6986E494012874 /* OnboardingJourneyTests.swift in Sources */,
				B76AC3F7F3702E0216056EA5 /* ProgressAndSplitTests.swift in Sources */,
				A9DB2A28B218A27F17AD1504 /* RedesignTests.swift in Sources */,
				D194B8D30A3E5782E8679ABC /* WorkoutFlowTests.swift in Sources */,
			);
			runOnlyForDeploymentPostprocessing = 0;
		};
		617D4A5ED6346126E575E33D /* Sources */ = {
			isa = PBXSourcesBuildPhase;
			buildActionMask = 2147483647;
			files = (
				E3DB674D779595FBDB4E4893 /* GymBlockLive.swift in Sources */,
				1B920FC04478611198F78457 /* WorkoutActivity.swift in Sources */,
				4577463A5F691225005491A0 /* WorkoutStepIntent.swift in Sources */,
			);
			runOnlyForDeploymentPostprocessing = 0;
		};
		6C9E84BDD167F38998E23DA5 /* Sources */ = {
			isa = PBXSourcesBuildPhase;
			buildActionMask = 2147483647;
			files = (
				C7CE0DCE83D73AF2A9288DAF /* WorkoutShieldAction.swift in Sources */,
			);
			runOnlyForDeploymentPostprocessing = 0;
		};
		C19B8E4E7B7752B28C308D43 /* Sources */ = {
			isa = PBXSourcesBuildPhase;
			buildActionMask = 2147483647;
			files = (
				FE5279F46C7CCA4C97C3F4F6 /* Account.swift in Sources */,
				BDF13E619E1E9B1972D35490 /* AccountSettings.swift in Sources */,
				3BE12AD83FCF3CAF6E0D8BDE /* Analytics.swift in Sources */,
				FAF3A7EF43ABF3065D5BA07D /* AppBlocking.swift in Sources */,
				51FC5AC05980C96047E08233 /* AppConfig.swift in Sources */,
				20915459CCECAD9AD881F6CD /* AppControls.swift in Sources */,
				30EE11CCA6770E2393AF2B92 /* ArmIllustration.swift in Sources */,
				F0EA57A1F5791A926EE00BC8 /* Backend.swift in Sources */,
				41D1A27CDD3EB2CF558F5AC4 /* BenefitScenes.swift in Sources */,
				3A993B5429D068ACDA96B585 /* BrandMark.swift in Sources */,
				28E63A5C8EE3E5BA2E71E2BD /* CloudSync.swift in Sources */,
				BB3D6624D0A7D9FDDB187F22 /* DemoData.swift in Sources */,
				473052F91B312391B79100D6 /* Design.swift in Sources */,
				2BDBC01FB8E6F4A75235949A /* GymBlockApp.swift in Sources */,
				B7549632CF495C5EF9F838EA /* History.swift in Sources */,
				F8278DB2F4F20B209F198AF3 /* Home.swift in Sources */,
				68D56E6C4D6BF0A849BA9EA1 /* HomeScoreboard.swift in Sources */,
				759B615EBC3B5A70E5D828B3 /* HomeStats.swift in Sources */,
				7B78FD71604A12A4BD7CDA14 /* JourneyArt.swift in Sources */,
				16CCC16D448DB518587A0EC3 /* JourneyLanguage.swift in Sources */,
				3AF97B35DD77E25887526EF9 /* JourneyMetrics.swift in Sources */,
				1298A3F2C5E0408D5FE34D57 /* LiveWorkout.swift in Sources */,
				26E302FF83882C09A69885AC /* Model.swift in Sources */,
				666CB2C1E5848D15E4CBE330 /* Navigation.swift in Sources */,
				0D899512FC58218E35D95623 /* Onboarding.swift in Sources */,
				5B36CD8D5448E7C1D2A16483 /* OnboardingControls.swift in Sources */,
				46F7BCEED35CC504B1CC1677 /* OnboardingFeedback.swift in Sources */,
				EA9C8D16D36FD80170CEBB50 /* OnboardingJourney.swift in Sources */,
				CCDA787E895E557D4DE31B7E /* OnboardingPremium.swift in Sources */,
				3E7D0E652745343B01E52090 /* OnboardingScenes.swift in Sources */,
				4E13B1EE61AE6E2E2939ABFC /* OnboardingSplits.swift in Sources */,
				2E74CBB270312313000E124C /* Progress.swift in Sources */,
				7F62FEAFF43CE040AB48ABA5 /* ProgressData.swift in Sources */,
				80FF09942F36799439D912B5 /* RestAlert.swift in Sources */,
				E917A985EAF4D2A7FFDD60D1 /* RoutineBaseline.swift in Sources */,
				885666D10CAAF6A5A4F31485 /* Session.swift in Sources */,
				2DDFB32A602FD39B3661DBAB /* Settings.swift in Sources */,
				4A17EBCA5D0374FF51F384C1 /* Splits.swift in Sources */,
				8B2E0A534A59562747D36983 /* Subscriptions.swift in Sources */,
				ADEE00A09171DF2F53347808 /* Summary.swift in Sources */,
				0F264D0C88DEC5F7AF54AA6D /* TrainingStats.swift in Sources */,
				540990EDCABF9D2F8F2066F3 /* Typography.swift in Sources */,
				DD6C2BE3C8D9F2B69C502F06 /* Workout.swift in Sources */,
				89FE5952EA0A29BDE56C046A /* WorkoutActivity.swift in Sources */,
				AA7587BA03621D45ED6CC9B2 /* WorkoutLogic.swift in Sources */,
				C15DEF32F96E362DC22D20DA /* WorkoutStepIntent.swift in Sources */,
			);
			runOnlyForDeploymentPostprocessing = 0;
		};
/* End PBXSourcesBuildPhase section */

/* Begin PBXTargetDependency section */
		07947E08E163FF9C8FD6F179 /* PBXTargetDependency */ = {
			isa = PBXTargetDependency;
			target = F6943FB52358F92C918A5ECD /* GymBlock */;
			targetProxy = 38900CE122DA8B9B75836412 /* PBXContainerItemProxy */;
		};
		15439960F6C65E5C97AF1912 /* PBXTargetDependency */ = {
			isa = PBXTargetDependency;
			target = 833BC85A027FFB45D1EF6897 /* GymBlockShield */;
			targetProxy = CF9C55BBC5946C507D7B38DD /* PBXContainerItemProxy */;
		};
		3C4D14A3788B182E811B5711 /* PBXTargetDependency */ = {
			isa = PBXTargetDependency;
			target = D4D7025BA1E81C4E3A664498 /* GymBlockShieldAction */;
			targetProxy = C6BAC956A9C0388630EABEE4 /* PBXContainerItemProxy */;
		};
		70EF9DA3B275ED18A05D881D /* PBXTargetDependency */ = {
			isa = PBXTargetDependency;
			target = F6943FB52358F92C918A5ECD /* GymBlock */;
			targetProxy = 1897E04D2ABBFC41427F2588 /* PBXContainerItemProxy */;
		};
		BAB10874898B48DAC16006E0 /* PBXTargetDependency */ = {
			isa = PBXTargetDependency;
			target = 206162128FB40080D60E93F3 /* GymBlockLive */;
			targetProxy = BD252B94E5A6C10960239FFF /* PBXContainerItemProxy */;
		};
/* End PBXTargetDependency section */

/* Begin XCBuildConfiguration section */
		0EC1FCBC3E96B95431423072 /* Debug */ = {
			isa = XCBuildConfiguration;
			buildSettings = {
				CODE_SIGN_ENTITLEMENTS = GymBlockShieldAction/GymBlockShieldAction.entitlements;
				CURRENT_PROJECT_VERSION = 1;
				INFOPLIST_FILE = GymBlockShieldAction/Info.plist;
				LD_RUNPATH_SEARCH_PATHS = (
					"$(inherited)",
					"@executable_path/Frameworks",
					"@executable_path/../../Frameworks",
				);
				MARKETING_VERSION = 1.0.0;
				PRODUCT_BUNDLE_IDENTIFIER = "com.sodhera.gymblock.shield-action";
				SDKROOT = iphoneos;
				SKIP_INSTALL = YES;
				TARGETED_DEVICE_FAMILY = 1;
			};
			name = Debug;
		};
		1AAE1F9B1C60838C7AE06D0D /* Debug */ = {
			isa = XCBuildConfiguration;
			buildSettings = {
				ALWAYS_SEARCH_USER_PATHS = NO;
				CLANG_ANALYZER_NONNULL = YES;
				CLANG_ANALYZER_NUMBER_OBJECT_CONVERSION = YES_AGGRESSIVE;
				CLANG_CXX_LANGUAGE_STANDARD = "gnu++14";
				CLANG_CXX_LIBRARY = "libc++";
				CLANG_ENABLE_MODULES = YES;
				CLANG_ENABLE_OBJC_ARC = YES;
				CLANG_ENABLE_OBJC_WEAK = YES;
				CLANG_WARN_BLOCK_CAPTURE_AUTORELEASING = YES;
				CLANG_WARN_BOOL_CONVERSION = YES;
				CLANG_WARN_COMMA = YES;
				CLANG_WARN_CONSTANT_CONVERSION = YES;
				CLANG_WARN_DEPRECATED_OBJC_IMPLEMENTATIONS = YES;
				CLANG_WARN_DIRECT_OBJC_ISA_USAGE = YES_ERROR;
				CLANG_WARN_DOCUMENTATION_COMMENTS = YES;
				CLANG_WARN_EMPTY_BODY = YES;
				CLANG_WARN_ENUM_CONVERSION = YES;
				CLANG_WARN_INFINITE_RECURSION = YES;
				CLANG_WARN_INT_CONVERSION = YES;
				CLANG_WARN_NON_LITERAL_NULL_CONVERSION = YES;
				CLANG_WARN_OBJC_IMPLICIT_RETAIN_SELF = YES;
				CLANG_WARN_OBJC_LITERAL_CONVERSION = YES;
				CLANG_WARN_OBJC_ROOT_CLASS = YES_ERROR;
				CLANG_WARN_QUOTED_INCLUDE_IN_FRAMEWORK_HEADER = YES;
				CLANG_WARN_RANGE_LOOP_ANALYSIS = YES;
				CLANG_WARN_STRICT_PROTOTYPES = YES;
				CLANG_WARN_SUSPICIOUS_MOVE = YES;
				CLANG_WARN_UNGUARDED_AVAILABILITY = YES_AGGRESSIVE;
				CLANG_WARN_UNREACHABLE_CODE = YES;
				CLANG_WARN__DUPLICATE_METHOD_MATCH = YES;
				CODE_SIGN_STYLE = Automatic;
				COPY_PHASE_STRIP = NO;
				DEBUG_INFORMATION_FORMAT = dwarf;
				DEVELOPMENT_TEAM = 6LYZDNCM4M;
				ENABLE_STRICT_OBJC_MSGSEND = YES;
				ENABLE_TESTABILITY = YES;
				GCC_C_LANGUAGE_STANDARD = gnu11;
				GCC_DYNAMIC_NO_PIC = NO;
				GCC_NO_COMMON_BLOCKS = YES;
				GCC_OPTIMIZATION_LEVEL = 0;
				GCC_PREPROCESSOR_DEFINITIONS = (
					"$(inherited)",
					"DEBUG=1",
				);
				GCC_WARN_64_TO_32_BIT_CONVERSION = YES;
				GCC_WARN_ABOUT_RETURN_TYPE = YES_ERROR;
				GCC_WARN_UNDECLARED_SELECTOR = YES;
				GCC_WARN_UNINITIALIZED_AUTOS = YES_AGGRESSIVE;
				GCC_WARN_UNUSED_FUNCTION = YES;
				GCC_WARN_UNUSED_VARIABLE = YES;
				IPHONEOS_DEPLOYMENT_TARGET = 17.0;
				MTL_ENABLE_DEBUG_INFO = INCLUDE_SOURCE;
				MTL_FAST_MATH = YES;
				ONLY_ACTIVE_ARCH = YES;
				PRODUCT_NAME = "$(TARGET_NAME)";
				SDKROOT = iphoneos;
				SWIFT_ACTIVE_COMPILATION_CONDITIONS = DEBUG;
				SWIFT_OPTIMIZATION_LEVEL = "-Onone";
				SWIFT_VERSION = 5.0;
				TARGETED_DEVICE_FAMILY = 1;
			};
			name = Debug;
		};
		1F7D946BD1E7EBE47CAB49AC /* Release */ = {
			isa = XCBuildConfiguration;
			baseConfigurationReference = 8EB7BC812E92C8A63B06196E /* Secrets.xcconfig */;
			buildSettings = {
				ASSETCATALOG_COMPILER_APPICON_NAME = AppIcon;
				CODE_SIGN_ENTITLEMENTS = GymBlock/GymBlock.entitlements;
				CODE_SIGN_IDENTITY = "iPhone Developer";
				CURRENT_PROJECT_VERSION = 1;
				GENERATE_INFOPLIST_FILE = YES;
				INFOPLIST_FILE = GymBlock/Info.plist;
				INFOPLIST_KEY_CFBundleDisplayName = GymBlock;
				INFOPLIST_KEY_UISupportedInterfaceOrientations = UIInterfaceOrientationPortrait;
				LD_RUNPATH_SEARCH_PATHS = (
					"$(inherited)",
					"@executable_path/Frameworks",
				);
				MARKETING_VERSION = 1.0.0;
				PRODUCT_BUNDLE_IDENTIFIER = com.sodhera.gymblock;
				SDKROOT = iphoneos;
				TARGETED_DEVICE_FAMILY = 1;
			};
			name = Release;
		};
		3E76F750BC241EFDD869D93E /* Debug */ = {
			isa = XCBuildConfiguration;
			buildSettings = {
				CURRENT_PROJECT_VERSION = 1;
				INFOPLIST_FILE = GymBlockLive/Info.plist;
				LD_RUNPATH_SEARCH_PATHS = (
					"$(inherited)",
					"@executable_path/Frameworks",
					"@executable_path/../../Frameworks",
				);
				MARKETING_VERSION = 1.0.0;
				PRODUCT_BUNDLE_IDENTIFIER = com.sodhera.gymblock.live;
				SDKROOT = iphoneos;
				SKIP_INSTALL = YES;
				SWIFT_ACTIVE_COMPILATION_CONDITIONS = "$(inherited) LIVE_EXTENSION";
				TARGETED_DEVICE_FAMILY = 1;
			};
			name = Debug;
		};
		49C3E3CF757A880573CD3756 /* Debug */ = {
			isa = XCBuildConfiguration;
			buildSettings = {
				CODE_SIGN_ENTITLEMENTS = GymBlockShield/GymBlockShield.entitlements;
				CURRENT_PROJECT_VERSION = 1;
				INFOPLIST_FILE = GymBlockShield/Info.plist;
				LD_RUNPATH_SEARCH_PATHS = (
					"$(inherited)",
					"@executable_path/Frameworks",
					"@executable_path/../../Frameworks",
				);
				MARKETING_VERSION = 1.0.0;
				PRODUCT_BUNDLE_IDENTIFIER = com.sodhera.gymblock.shield;
				SDKROOT = iphoneos;
				SKIP_INSTALL = YES;
				TARGETED_DEVICE_FAMILY = 1;
			};
			name = Debug;
		};
		4C9A7A7F1D472D58188873C1 /* Debug */ = {
			isa = XCBuildConfiguration;
			baseConfigurationReference = 8EB7BC812E92C8A63B06196E /* Secrets.xcconfig */;
			buildSettings = {
				ASSETCATALOG_COMPILER_APPICON_NAME = AppIcon;
				CODE_SIGN_ENTITLEMENTS = GymBlock/GymBlock.entitlements;
				CODE_SIGN_IDENTITY = "iPhone Developer";
				CURRENT_PROJECT_VERSION = 1;
				GENERATE_INFOPLIST_FILE = YES;
				INFOPLIST_FILE = GymBlock/Info.plist;
				INFOPLIST_KEY_CFBundleDisplayName = GymBlock;
				INFOPLIST_KEY_UISupportedInterfaceOrientations = UIInterfaceOrientationPortrait;
				LD_RUNPATH_SEARCH_PATHS = (
					"$(inherited)",
					"@executable_path/Frameworks",
				);
				MARKETING_VERSION = 1.0.0;
				PRODUCT_BUNDLE_IDENTIFIER = com.sodhera.gymblock;
				SDKROOT = iphoneos;
				TARGETED_DEVICE_FAMILY = 1;
			};
			name = Debug;
		};
		565E9F3CF421E2DB094347F5 /* Release */ = {
			isa = XCBuildConfiguration;
			buildSettings = {
				CODE_SIGN_ENTITLEMENTS = GymBlockShield/GymBlockShield.entitlements;
				CURRENT_PROJECT_VERSION = 1;
				INFOPLIST_FILE = GymBlockShield/Info.plist;
				LD_RUNPATH_SEARCH_PATHS = (
					"$(inherited)",
					"@executable_path/Frameworks",
					"@executable_path/../../Frameworks",
				);
				MARKETING_VERSION = 1.0.0;
				PRODUCT_BUNDLE_IDENTIFIER = com.sodhera.gymblock.shield;
				SDKROOT = iphoneos;
				SKIP_INSTALL = YES;
				TARGETED_DEVICE_FAMILY = 1;
			};
			name = Release;
		};
		67D9584EE4A4EF1113F3C124 /* Debug */ = {
			isa = XCBuildConfiguration;
			buildSettings = {
				BUNDLE_LOADER = "$(TEST_HOST)";
				GENERATE_INFOPLIST_FILE = YES;
				LD_RUNPATH_SEARCH_PATHS = (
					"$(inherited)",
					"@executable_path/Frameworks",
					"@loader_path/Frameworks",
				);
				PRODUCT_BUNDLE_IDENTIFIER = com.sodhera.GymBlockTests;
				SDKROOT = iphoneos;
				TARGETED_DEVICE_FAMILY = "1,2";
				TEST_HOST = "$(BUILT_PRODUCTS_DIR)/GymBlock.app/GymBlock";
			};
			name = Debug;
		};
		9F8330BBDC6513EB21B9AE9A /* Release */ = {
			isa = XCBuildConfiguration;
			buildSettings = {
				ALWAYS_SEARCH_USER_PATHS = NO;
				CLANG_ANALYZER_NONNULL = YES;
				CLANG_ANALYZER_NUMBER_OBJECT_CONVERSION = YES_AGGRESSIVE;
				CLANG_CXX_LANGUAGE_STANDARD = "gnu++14";
				CLANG_CXX_LIBRARY = "libc++";
				CLANG_ENABLE_MODULES = YES;
				CLANG_ENABLE_OBJC_ARC = YES;
				CLANG_ENABLE_OBJC_WEAK = YES;
				CLANG_WARN_BLOCK_CAPTURE_AUTORELEASING = YES;
				CLANG_WARN_BOOL_CONVERSION = YES;
				CLANG_WARN_COMMA = YES;
				CLANG_WARN_CONSTANT_CONVERSION = YES;
				CLANG_WARN_DEPRECATED_OBJC_IMPLEMENTATIONS = YES;
				CLANG_WARN_DIRECT_OBJC_ISA_USAGE = YES_ERROR;
				CLANG_WARN_DOCUMENTATION_COMMENTS = YES;
				CLANG_WARN_EMPTY_BODY = YES;
				CLANG_WARN_ENUM_CONVERSION = YES;
				CLANG_WARN_INFINITE_RECURSION = YES;
				CLANG_WARN_INT_CONVERSION = YES;
				CLANG_WARN_NON_LITERAL_NULL_CONVERSION = YES;
				CLANG_WARN_OBJC_IMPLICIT_RETAIN_SELF = YES;
				CLANG_WARN_OBJC_LITERAL_CONVERSION = YES;
				CLANG_WARN_OBJC_ROOT_CLASS = YES_ERROR;
				CLANG_WARN_QUOTED_INCLUDE_IN_FRAMEWORK_HEADER = YES;
				CLANG_WARN_RANGE_LOOP_ANALYSIS = YES;
				CLANG_WARN_STRICT_PROTOTYPES = YES;
				CLANG_WARN_SUSPICIOUS_MOVE = YES;
				CLANG_WARN_UNGUARDED_AVAILABILITY = YES_AGGRESSIVE;
				CLANG_WARN_UNREACHABLE_CODE = YES;
				CLANG_WARN__DUPLICATE_METHOD_MATCH = YES;
				CODE_SIGN_STYLE = Automatic;
				COPY_PHASE_STRIP = NO;
				DEBUG_INFORMATION_FORMAT = "dwarf-with-dsym";
				DEVELOPMENT_TEAM = 6LYZDNCM4M;
				ENABLE_NS_ASSERTIONS = NO;
				ENABLE_STRICT_OBJC_MSGSEND = YES;
				GCC_C_LANGUAGE_STANDARD = gnu11;
				GCC_NO_COMMON_BLOCKS = YES;
				GCC_WARN_64_TO_32_BIT_CONVERSION = YES;
				GCC_WARN_ABOUT_RETURN_TYPE = YES_ERROR;
				GCC_WARN_UNDECLARED_SELECTOR = YES;
				GCC_WARN_UNINITIALIZED_AUTOS = YES_AGGRESSIVE;
				GCC_WARN_UNUSED_FUNCTION = YES;
				GCC_WARN_UNUSED_VARIABLE = YES;
				IPHONEOS_DEPLOYMENT_TARGET = 17.0;
				MTL_ENABLE_DEBUG_INFO = NO;
				MTL_FAST_MATH = YES;
				PRODUCT_NAME = "$(TARGET_NAME)";
				SDKROOT = iphoneos;
				SWIFT_COMPILATION_MODE = wholemodule;
				SWIFT_OPTIMIZATION_LEVEL = "-O";
				SWIFT_VERSION = 5.0;
				TARGETED_DEVICE_FAMILY = 1;
			};
			name = Release;
		};
		AF21C549B57C573F522D40EC /* Release */ = {
			isa = XCBuildConfiguration;
			buildSettings = {
				CODE_SIGN_ENTITLEMENTS = GymBlockShieldAction/GymBlockShieldAction.entitlements;
				CURRENT_PROJECT_VERSION = 1;
				INFOPLIST_FILE = GymBlockShieldAction/Info.plist;
				LD_RUNPATH_SEARCH_PATHS = (
					"$(inherited)",
					"@executable_path/Frameworks",
					"@executable_path/../../Frameworks",
				);
				MARKETING_VERSION = 1.0.0;
				PRODUCT_BUNDLE_IDENTIFIER = "com.sodhera.gymblock.shield-action";
				SDKROOT = iphoneos;
				SKIP_INSTALL = YES;
				TARGETED_DEVICE_FAMILY = 1;
			};
			name = Release;
		};
		C2E229090F974AC111A36240 /* Release */ = {
			isa = XCBuildConfiguration;
			buildSettings = {
				BUNDLE_LOADER = "$(TEST_HOST)";
				GENERATE_INFOPLIST_FILE = YES;
				LD_RUNPATH_SEARCH_PATHS = (
					"$(inherited)",
					"@executable_path/Frameworks",
					"@loader_path/Frameworks",
				);
				PRODUCT_BUNDLE_IDENTIFIER = com.sodhera.GymBlockUITests;
				SDKROOT = iphoneos;
				TARGETED_DEVICE_FAMILY = "1,2";
				TEST_TARGET_NAME = GymBlock;
			};
			name = Release;
		};
		C5814D6062D8B6DE2B1082E1 /* Release */ = {
			isa = XCBuildConfiguration;
			buildSettings = {
				CURRENT_PROJECT_VERSION = 1;
				INFOPLIST_FILE = GymBlockLive/Info.plist;
				LD_RUNPATH_SEARCH_PATHS = (
					"$(inherited)",
					"@executable_path/Frameworks",
					"@executable_path/../../Frameworks",
				);
				MARKETING_VERSION = 1.0.0;
				PRODUCT_BUNDLE_IDENTIFIER = com.sodhera.gymblock.live;
				SDKROOT = iphoneos;
				SKIP_INSTALL = YES;
				SWIFT_ACTIVE_COMPILATION_CONDITIONS = "$(inherited) LIVE_EXTENSION";
				TARGETED_DEVICE_FAMILY = 1;
			};
			name = Release;
		};
		D280FE3D94A68170C5621381 /* Debug */ = {
			isa = XCBuildConfiguration;
			buildSettings = {
				BUNDLE_LOADER = "$(TEST_HOST)";
				GENERATE_INFOPLIST_FILE = YES;
				LD_RUNPATH_SEARCH_PATHS = (
					"$(inherited)",
					"@executable_path/Frameworks",
					"@loader_path/Frameworks",
				);
				PRODUCT_BUNDLE_IDENTIFIER = com.sodhera.GymBlockUITests;
				SDKROOT = iphoneos;
				TARGETED_DEVICE_FAMILY = "1,2";
				TEST_TARGET_NAME = GymBlock;
			};
			name = Debug;
		};
		E9A20F22F73ED9BC1D1E0F4C /* Release */ = {
			isa = XCBuildConfiguration;
			buildSettings = {
				BUNDLE_LOADER = "$(TEST_HOST)";
				GENERATE_INFOPLIST_FILE = YES;
				LD_RUNPATH_SEARCH_PATHS = (
					"$(inherited)",
					"@executable_path/Frameworks",
					"@loader_path/Frameworks",
				);
				PRODUCT_BUNDLE_IDENTIFIER = com.sodhera.GymBlockTests;
				SDKROOT = iphoneos;
				TARGETED_DEVICE_FAMILY = "1,2";
				TEST_HOST = "$(BUILT_PRODUCTS_DIR)/GymBlock.app/GymBlock";
			};
			name = Release;
		};
/* End XCBuildConfiguration section */

/* Begin XCConfigurationList section */
		1AACFCB75325080D8CFC6A46 /* Build configuration list for PBXNativeTarget "GymBlockShield" */ = {
			isa = XCConfigurationList;
			buildConfigurations = (
				49C3E3CF757A880573CD3756 /* Debug */,
				565E9F3CF421E2DB094347F5 /* Release */,
			);
			defaultConfigurationIsVisible = 0;
			defaultConfigurationName = Debug;
		};
		90087E8FBFF2EEA53510A21A /* Build configuration list for PBXProject "GymBlock" */ = {
			isa = XCConfigurationList;
			buildConfigurations = (
				1AAE1F9B1C60838C7AE06D0D /* Debug */,
				9F8330BBDC6513EB21B9AE9A /* Release */,
			);
			defaultConfigurationIsVisible = 0;
			defaultConfigurationName = Debug;
		};
		9E0E466D5DB91F158809558B /* Build configuration list for PBXNativeTarget "GymBlock" */ = {
			isa = XCConfigurationList;
			buildConfigurations = (
				4C9A7A7F1D472D58188873C1 /* Debug */,
				1F7D946BD1E7EBE47CAB49AC /* Release */,
			);
			defaultConfigurationIsVisible = 0;
			defaultConfigurationName = Debug;
		};
		A6779E4F808E2205114713DA /* Build configuration list for PBXNativeTarget "GymBlockShieldAction" */ = {
			isa = XCConfigurationList;
			buildConfigurations = (
				0EC1FCBC3E96B95431423072 /* Debug */,
				AF21C549B57C573F522D40EC /* Release */,
			);
			defaultConfigurationIsVisible = 0;
			defaultConfigurationName = Debug;
		};
		B2B7DCD7D8DCBD0CDB400960 /* Build configuration list for PBXNativeTarget "GymBlockTests" */ = {
			isa = XCConfigurationList;
			buildConfigurations = (
				67D9584EE4A4EF1113F3C124 /* Debug */,
				E9A20F22F73ED9BC1D1E0F4C /* Release */,
			);
			defaultConfigurationIsVisible = 0;
			defaultConfigurationName = Debug;
		};
		CAACB49B164B6D87359D741F /* Build configuration list for PBXNativeTarget "GymBlockUITests" */ = {
			isa = XCConfigurationList;
			buildConfigurations = (
				D280FE3D94A68170C5621381 /* Debug */,
				C2E229090F974AC111A36240 /* Release */,
			);
			defaultConfigurationIsVisible = 0;
			defaultConfigurationName = Debug;
		};
		F29F5160BA2A6CFFB1D9D7E0 /* Build configuration list for PBXNativeTarget "GymBlockLive" */ = {
			isa = XCConfigurationList;
			buildConfigurations = (
				3E76F750BC241EFDD869D93E /* Debug */,
				C5814D6062D8B6DE2B1082E1 /* Release */,
			);
			defaultConfigurationIsVisible = 0;
			defaultConfigurationName = Debug;
		};
/* End XCConfigurationList section */

/* Begin XCRemoteSwiftPackageReference section */
		3401EFDF2BDF96EE27C127EF /* XCRemoteSwiftPackageReference "supabase-swift" */ = {
			isa = XCRemoteSwiftPackageReference;
			repositoryURL = "https://github.com/supabase/supabase-swift";
			requirement = {
				kind = upToNextMajorVersion;
				minimumVersion = 2.0.0;
			};
		};
		F330280EEB50C78E49C641EE /* XCRemoteSwiftPackageReference "purchases-ios-spm" */ = {
			isa = XCRemoteSwiftPackageReference;
			repositoryURL = "https://github.com/RevenueCat/purchases-ios-spm";
			requirement = {
				kind = upToNextMajorVersion;
				minimumVersion = 5.0.0;
			};
		};
/* End XCRemoteSwiftPackageReference section */

/* Begin XCSwiftPackageProductDependency section */
		555664B1919E662754553AF5 /* Supabase */ = {
			isa = XCSwiftPackageProductDependency;
			package = 3401EFDF2BDF96EE27C127EF /* XCRemoteSwiftPackageReference "supabase-swift" */;
			productName = Supabase;
		};
		95E41EDD1C17E277943D7AA0 /* RevenueCat */ = {
			isa = XCSwiftPackageProductDependency;
			package = F330280EEB50C78E49C641EE /* XCRemoteSwiftPackageReference "purchases-ios-spm" */;
			productName = RevenueCat;
		};
/* End XCSwiftPackageProductDependency section */
	};
	rootObject = 5CE779ECD1E1A10A2D539F27 /* Project object */;
}
